// !$*UTF8*$!
{
	archiveVersion = 1;
	classes = {
	};
	objectVersion = 46;
	objects = {

/* Begin PBXBuildFile section */
		050E06F0127611DF00350C49 /* matrice.c in Sources */ = {isa = PBXBuildFile; fileRef = 050E06EE127611DF00350C49 /* matrice.c */; };
		054A56C914015AD1005D267F /* graph.c in Sources */ = {isa = PBXBuildFile; fileRef = 054A56C814015AD1005D267F /* graph.c */; };
		05A4D4671275D664004DBA9E /* coda.c in Sources */ = {isa = PBXBuildFile; fileRef = 05A4D4651275D664004DBA9E /* coda.c */; };
		05A4D46A1275D6CC004DBA9E /* main.c in Sources */ = {isa = PBXBuildFile; fileRef = 05A4D4691275D6CC004DBA9E /* main.c */; };
		05AA2D1913F7D5E400507CF9 /* str2int.c in Sources */ = {isa = PBXBuildFile; fileRef = 05AA2D1813F7D5E400507CF9 /* str2int.c */; };
		05AC3448140565FB004B7BB1 /* graph-algoritm-test.c in Sources */ = {isa = PBXBuildFile; fileRef = 05AC3447140565FB004B7BB1 /* graph-algoritm-test.c */; };
		05AC345114066F5D004B7BB1 /* heap.c in Sources */ = {isa = PBXBuildFile; fileRef = 05AC345014066F5D004B7BB1 /* heap.c */; };
		05E4167513FAE546002F993C /* union-find.c in Sources */ = {isa = PBXBuildFile; fileRef = 05E4167413FAE546002F993C /* union-find.c */; };
/* End PBXBuildFile section */

/* Begin PBXCopyFilesBuildPhase section */
		056CD4F31275D32C007F514B /* CopyFiles */ = {
			isa = PBXCopyFilesBuildPhase;
			buildActionMask = 2147483647;
			dstPath = /usr/share/man/man1/;
			dstSubfolderSpec = 0;
			files = (
			);
			runOnlyForDeploymentPostprocessing = 1;
		};
/* End PBXCopyFilesBuildPhase section */

/* Begin PBXFileReference section */
		050E06EE127611DF00350C49 /* matrice.c */ = {isa = PBXFileReference; fileEncoding = 4; lastKnownFileType = sourcecode.c.c; path = matrice.c; sourceTree = "<group>"; };
		050E06EF127611DF00350C49 /* matrice.h */ = {isa = PBXFileReference; fileEncoding = 4; lastKnownFileType = sourcecode.c.h; path = matrice.h; sourceTree = "<group>"; };
		0517F24E1275D9C000FE4281 /* README.md */ = {isa = PBXFileReference; fileEncoding = 4; lastKnownFileType = text; path = README.md; sourceTree = "<group>"; };
		0517F2511275E00D00FE4281 /* fast_git_tutorial.html */ = {isa = PBXFileReference; fileEncoding = 4; lastKnownFileType = text.html; path = fast_git_tutorial.html; sourceTree = "<group>"; };
		054A56C614015AC4005D267F /* graph.h */ = {isa = PBXFileReference; fileEncoding = 4; lastKnownFileType = sourcecode.c.h; path = graph.h; sourceTree = "<group>"; };
		054A56C814015AD1005D267F /* graph.c */ = {isa = PBXFileReference; fileEncoding = 4; lastKnownFileType = sourcecode.c.c; path = graph.c; sourceTree = "<group>"; };
		056CD4F51275D32C007F514B /* MicLibApa2010 */ = {isa = PBXFileReference; explicitFileType = "compiled.mach-o.executable"; includeInIndex = 0; path = MicLibApa2010; sourceTree = BUILT_PRODUCTS_DIR; };
		05A4D4651275D664004DBA9E /* coda.c */ = {isa = PBXFileReference; fileEncoding = 4; lastKnownFileType = sourcecode.c.c; path = coda.c; sourceTree = "<group>"; };
		05A4D4661275D664004DBA9E /* coda.h */ = {isa = PBXFileReference; fileEncoding = 4; lastKnownFileType = sourcecode.c.h; path = coda.h; sourceTree = "<group>"; };
		05A4D4691275D6CC004DBA9E /* main.c */ = {isa = PBXFileReference; fileEncoding = 4; lastKnownFileType = sourcecode.c.c; path = main.c; sourceTree = "<group>"; };
		05AA2D1713F7D5C200507CF9 /* str2int.h */ = {isa = PBXFileReference; fileEncoding = 4; lastKnownFileType = sourcecode.c.h; path = str2int.h; sourceTree = "<group>"; };
		05AA2D1813F7D5E400507CF9 /* str2int.c */ = {isa = PBXFileReference; fileEncoding = 4; lastKnownFileType = sourcecode.c.c; path = str2int.c; sourceTree = "<group>"; };
		05AC3445140565DD004B7BB1 /* graph-algoritm-test.h */ = {isa = PBXFileReference; fileEncoding = 4; lastKnownFileType = sourcecode.c.h; path = "graph-algoritm-test.h"; sourceTree = "<group>"; };
		05AC3447140565FB004B7BB1 /* graph-algoritm-test.c */ = {isa = PBXFileReference; fileEncoding = 4; lastKnownFileType = sourcecode.c.c; path = "graph-algoritm-test.c"; sourceTree = "<group>"; };
		05AC345014066F5D004B7BB1 /* heap.c */ = {isa = PBXFileReference; fileEncoding = 4; lastKnownFileType = sourcecode.c.c; path = heap.c; sourceTree = "<group>"; };
		05AC345214066F77004B7BB1 /* heap.h */ = {isa = PBXFileReference; fileEncoding = 4; lastKnownFileType = sourcecode.c.h; path = heap.h; sourceTree = "<group>"; };
		05E4167213FAE3E8002F993C /* union-find.h */ = {isa = PBXFileReference; fileEncoding = 4; lastKnownFileType = sourcecode.c.h; path = "union-find.h"; sourceTree = "<group>"; };
		05E4167413FAE546002F993C /* union-find.c */ = {isa = PBXFileReference; fileEncoding = 4; lastKnownFileType = sourcecode.c.c; path = "union-find.c"; sourceTree = "<group>"; };
/* End PBXFileReference section */

/* Begin PBXFrameworksBuildPhase section */
		056CD4F21275D32C007F514B /* Frameworks */ = {
			isa = PBXFrameworksBuildPhase;
			buildActionMask = 2147483647;
			files = (
			);
			runOnlyForDeploymentPostprocessing = 0;
		};
/* End PBXFrameworksBuildPhase section */

/* Begin PBXGroup section */
		0517F2501275DFF300FE4281 /* Docs */ = {
			isa = PBXGroup;
			children = (
				0517F2511275E00D00FE4281 /* fast_git_tutorial.html */,
			);
			path = Docs;
			sourceTree = "<group>";
		};
		056CD4E81275D32C007F514B = {
			isa = PBXGroup;
			children = (
				056CD4EF1275D32C007F514B /* Source */,
				056CD4F01275D32C007F514B /* Documentation */,
				056CD4F61275D32C007F514B /* Products */,
			);
			sourceTree = "<group>";
		};
		056CD4EF1275D32C007F514B /* Source */ = {
			isa = PBXGroup;
			children = (
				05A4D4691275D6CC004DBA9E /* main.c */,
				05A4D4641275D664004DBA9E /* lib */,
			);
			path = Source;
			sourceTree = "<group>";
		};
		056CD4F01275D32C007F514B /* Documentation */ = {
			isa = PBXGroup;
			children = (
				0517F2501275DFF300FE4281 /* Docs */,
				0517F24E1275D9C000FE4281 /* README.md */,
			);
			name = Documentation;
			sourceTree = "<group>";
		};
		056CD4F61275D32C007F514B /* Products */ = {
			isa = PBXGroup;
			children = (
				056CD4F51275D32C007F514B /* MicLibApa2010 */,
			);
			name = Products;
			sourceTree = "<group>";
		};
		05A4D4641275D664004DBA9E /* lib */ = {
			isa = PBXGroup;
			children = (
				050E06EE127611DF00350C49 /* matrice.c */,
				050E06EF127611DF00350C49 /* matrice.h */,
				05A4D4651275D664004DBA9E /* coda.c */,
				05A4D4661275D664004DBA9E /* coda.h */,
				05AA2D1713F7D5C200507CF9 /* str2int.h */,
				05AA2D1813F7D5E400507CF9 /* str2int.c */,
				05E4167213FAE3E8002F993C /* union-find.h */,
				05E4167413FAE546002F993C /* union-find.c */,
				054A56C614015AC4005D267F /* graph.h */,
				054A56C814015AD1005D267F /* graph.c */,
				05AC3445140565DD004B7BB1 /* graph-algoritm-test.h */,
				05AC3447140565FB004B7BB1 /* graph-algoritm-test.c */,
				05AC345014066F5D004B7BB1 /* heap.c */,
				05AC345214066F77004B7BB1 /* heap.h */,
			);
			path = lib;
			sourceTree = "<group>";
		};
/* End PBXGroup section */

/* Begin PBXNativeTarget section */
		056CD4F41275D32C007F514B /* MicLibApa2010 */ = {
			isa = PBXNativeTarget;
			buildConfigurationList = 056CD4FD1275D32C007F514B /* Build configuration list for PBXNativeTarget "MicLibApa2010" */;
			buildPhases = (
				056CD4F11275D32C007F514B /* Sources */,
				056CD4F21275D32C007F514B /* Frameworks */,
				056CD4F31275D32C007F514B /* CopyFiles */,
			);
			buildRules = (
			);
			dependencies = (
			);
			name = MicLibApa2010;
			productName = MicLibApa2010;
			productReference = 056CD4F51275D32C007F514B /* MicLibApa2010 */;
			productType = "com.apple.product-type.tool";
		};
/* End PBXNativeTarget section */

/* Begin PBXProject section */
		056CD4EA1275D32C007F514B /* Project object */ = {
			isa = PBXProject;
			attributes = {
				LastUpgradeCheck = 0420;
			};
			buildConfigurationList = 056CD4ED1275D32C007F514B /* Build configuration list for PBXProject "MicLibApa2010" */;
			compatibilityVersion = "Xcode 3.2";
			developmentRegion = English;
			hasScannedForEncodings = 0;
			knownRegions = (
				en,
			);
			mainGroup = 056CD4E81275D32C007F514B;
			productRefGroup = 056CD4F61275D32C007F514B /* Products */;
			projectDirPath = "";
			projectRoot = "";
			targets = (
				056CD4F41275D32C007F514B /* MicLibApa2010 */,
			);
		};
/* End PBXProject section */

/* Begin PBXSourcesBuildPhase section */
		056CD4F11275D32C007F514B /* Sources */ = {
			isa = PBXSourcesBuildPhase;
			buildActionMask = 2147483647;
			files = (
				05A4D4671275D664004DBA9E /* coda.c in Sources */,
				05A4D46A1275D6CC004DBA9E /* main.c in Sources */,
				050E06F0127611DF00350C49 /* matrice.c in Sources */,
				05AA2D1913F7D5E400507CF9 /* str2int.c in Sources */,
				05E4167513FAE546002F993C /* union-find.c in Sources */,
				054A56C914015AD1005D267F /* graph.c in Sources */,
				05AC3448140565FB004B7BB1 /* graph-algoritm-test.c in Sources */,
				05AC345114066F5D004B7BB1 /* heap.c in Sources */,
			);
			runOnlyForDeploymentPostprocessing = 0;
		};
/* End PBXSourcesBuildPhase section */

/* Begin XCBuildConfiguration section */
		056CD4FB1275D32C007F514B /* Debug */ = {
			isa = XCBuildConfiguration;
			buildSettings = {
				ARCHS = "$(ARCHS_STANDARD_32_64_BIT)";
				GCC_C_LANGUAGE_STANDARD = gnu99;
				GCC_OPTIMIZATION_LEVEL = 0;
				GCC_PREPROCESSOR_DEFINITIONS = DEBUG;
				GCC_VERSION = com.apple.compilers.llvm.clang.1_0;
				GCC_WARN_ABOUT_RETURN_TYPE = YES;
				GCC_WARN_UNUSED_VARIABLE = YES;
				LIBRARY_SEARCH_PATHS = "";
				MACOSX_DEPLOYMENT_TARGET = 10.6;
				ONLY_ACTIVE_ARCH = YES;
				SDKROOT = macosx;
			};
			name = Debug;
		};
		056CD4FC1275D32C007F514B /* Release */ = {
			isa = XCBuildConfiguration;
			buildSettings = {
				ARCHS = "$(ARCHS_STANDARD_32_64_BIT)";
				GCC_C_LANGUAGE_STANDARD = gnu99;
				GCC_VERSION = com.apple.compilers.llvm.clang.1_0;
				GCC_WARN_ABOUT_RETURN_TYPE = YES;
				GCC_WARN_UNUSED_VARIABLE = YES;
				LIBRARY_SEARCH_PATHS = "";
				MACOSX_DEPLOYMENT_TARGET = 10.6;
				SDKROOT = macosx;
			};
			name = Release;
		};
		056CD4FE1275D32C007F514B /* Debug */ = {
			isa = XCBuildConfiguration;
			buildSettings = {
				ALWAYS_SEARCH_USER_PATHS = NO;
				COPY_PHASE_STRIP = NO;
				GCC_DYNAMIC_NO_PIC = NO;
				GCC_ENABLE_OBJC_EXCEPTIONS = YES;
				GCC_MODEL_TUNING = G5;
				INSTALL_PATH = /usr/local/bin;
				PRODUCT_NAME = "$(TARGET_NAME)";
			};
			name = Debug;
		};
		056CD4FF1275D32C007F514B /* Release */ = {
			isa = XCBuildConfiguration;
			buildSettings = {
				ALWAYS_SEARCH_USER_PATHS = NO;
				COPY_PHASE_STRIP = YES;
				DEBUG_INFORMATION_FORMAT = "dwarf-with-dsym";
				GCC_ENABLE_OBJC_EXCEPTIONS = YES;
				GCC_MODEL_TUNING = G5;
				INSTALL_PATH = /usr/local/bin;
				PRODUCT_NAME = "$(TARGET_NAME)";
			};
			name = Release;
		};
/* End XCBuildConfiguration section */

/* Begin XCConfigurationList section */
		056CD4ED1275D32C007F514B /* Build configuration list for PBXProject "MicLibApa2010" */ = {
			isa = XCConfigurationList;
			buildConfigurations = (
				056CD4FB1275D32C007F514B /* Debug */,
				056CD4FC1275D32C007F514B /* Release */,
			);
			defaultConfigurationIsVisible = 0;
			defaultConfigurationName = Release;
		};
		056CD4FD1275D32C007F514B /* Build configuration list for PBXNativeTarget "MicLibApa2010" */ = {
			isa = XCConfigurationList;
			buildConfigurations = (
				056CD4FE1275D32C007F514B /* Debug */,
				056CD4FF1275D32C007F514B /* Release */,
			);
			defaultConfigurationIsVisible = 0;
			defaultConfigurationName = Release;
		};
/* End XCConfigurationList section */
	};
	rootObject = 056CD4EA1275D32C007F514B /* Project object */;
}
